
Microsoft Visual Studio Solution File, Format Version 12.00
# Visual Studio 15
VisualStudioVersion = 15.0.27428.2011
MinimumVisualStudioVersion = 10.0.40219.1
Project("{FAE04EC0-301F-11D3-BF4B-00C04F79EFBC}") = "NeffBooksFour", "NeffBooksFour\NeffBooksFour.csproj", "{E52B2F5B-254D-4DBB-B371-BC6FFA2ACCD5}"
EndProject
Project("{FAE04EC0-301F-11D3-BF4B-00C04F79EFBC}") = "NeffBooksFour.Data", "NeffBooksFour.Data\NeffBooksFour.Data.csproj", "{C33CA340-1055-410D-B912-82401301425B}"
EndProject
Project("{FAE04EC0-301F-11D3-BF4B-00C04F79EFBC}") = "NeffBooksFour.Interfaces", "NeffBooksFour.Interfaces\NeffBooksFour.Interfaces.csproj", "{4C170BC4-4866-493C-A84F-749A4FFFAB22}"
EndProject
Project("{FAE04EC0-301F-11D3-BF4B-00C04F79EFBC}") = "NeffBooksFour.Repos", "NeffBooksFour.Repos\NeffBooksFour.Repos.csproj", "{811B78F3-397E-4E96-AD51-CF34A4F60333}"
EndProject
Project("{FAE04EC0-301F-11D3-BF4B-00C04F79EFBC}") = "NeffBooksFour.Services", "NeffBooksFour.Services\NeffBooksFour.Services.csproj", "{A65EE3E5-5393-4842-8421-67CDD1E269DA}"
EndProject
Global
	GlobalSection(SolutionConfigurationPlatforms) = preSolution
		Debug|Any CPU = Debug|Any CPU
		Release|Any CPU = Release|Any CPU
	EndGlobalSection
	GlobalSection(ProjectConfigurationPlatforms) = postSolution
		{E52B2F5B-254D-4DBB-B371-BC6FFA2ACCD5}.Debug|Any CPU.ActiveCfg = Debug|Any CPU
		{E52B2F5B-254D-4DBB-B371-BC6FFA2ACCD5}.Debug|Any CPU.Build.0 = Debug|Any CPU
		{E52B2F5B-254D-4DBB-B371-BC6FFA2ACCD5}.Release|Any CPU.ActiveCfg = Release|Any CPU
		{E52B2F5B-254D-4DBB-B371-BC6FFA2ACCD5}.Release|Any CPU.Build.0 = Release|Any CPU
		{C33CA340-1055-410D-B912-82401301425B}.Debug|Any CPU.ActiveCfg = Debug|Any CPU
		{C33CA340-1055-410D-B912-82401301425B}.Debug|Any CPU.Build.0 = Debug|Any CPU
		{C33CA340-1055-410D-B912-82401301425B}.Release|Any CPU.ActiveCfg = Release|Any CPU
		{C33CA340-1055-410D-B912-82401301425B}.Release|Any CPU.Build.0 = Release|Any CPU
		{4C170BC4-4866-493C-A84F-749A4FFFAB22}.Debug|Any CPU.ActiveCfg = Debug|Any CPU
		{4C170BC4-4866-493C-A84F-749A4FFFAB22}.Debug|Any CPU.Build.0 = Debug|Any CPU
		{4C170BC4-4866-493C-A84F-749A4FFFAB22}.Release|Any CPU.ActiveCfg = Release|Any CPU
		{4C170BC4-4866-493C-A84F-749A4FFFAB22}.Release|Any CPU.Build.0 = Release|Any CPU
		{811B78F3-397E-4E96-AD51-CF34A4F60333}.Debug|Any CPU.ActiveCfg = Debug|Any CPU
		{811B78F3-397E-4E96-AD51-CF34A4F60333}.Debug|Any CPU.Build.0 = Debug|Any CPU
		{811B78F3-397E-4E96-AD51-CF34A4F60333}.Release|Any CPU.ActiveCfg = Release|Any CPU
		{811B78F3-397E-4E96-AD51-CF34A4F60333}.Release|Any CPU.Build.0 = Release|Any CPU
		{A65EE3E5-5393-4842-8421-67CDD1E269DA}.Debug|Any CPU.ActiveCfg = Debug|Any CPU
		{A65EE3E5-5393-4842-8421-67CDD1E269DA}.Debug|Any CPU.Build.0 = Debug|Any CPU
		{A65EE3E5-5393-4842-8421-67CDD1E269DA}.Release|Any CPU.ActiveCfg = Release|Any CPU
		{A65EE3E5-5393-4842-8421-67CDD1E269DA}.Release|Any CPU.Build.0 = Release|Any CPU
	EndGlobalSection
	GlobalSection(SolutionProperties) = preSolution
		HideSolutionNode = FALSE
	EndGlobalSection
	GlobalSection(ExtensibilityGlobals) = postSolution
		SolutionGuid = {02D7D278-9F9A-4455-9271-20AA009002BF}
	EndGlobalSection
EndGlobal
